
Microsoft Visual Studio Solution File, Format Version 12.00
# Visual Studio Version 17
VisualStudioVersion = 17.2.32602.215
MinimumVisualStudioVersion = 10.0.40219.1
Project("{FAE04EC0-301F-11D3-BF4B-00C04F79EFBC}") = "HotelBookingFinal", "HotelBookingFinal\HotelBookingFinal.csproj", "{D22156E6-7971-4BE5-BC0E-66D333CAE331}"
EndProject
Global
	GlobalSection(SolutionConfigurationPlatforms) = preSolution
		Debug|Any CPU = Debug|Any CPU
		Release|Any CPU = Release|Any CPU
	EndGlobalSection
	GlobalSection(ProjectConfigurationPlatforms) = postSolution
		{D22156E6-7971-4BE5-BC0E-66D333CAE331}.Debug|Any CPU.ActiveCfg = Debug|Any CPU
		{D22156E6-7971-4BE5-BC0E-66D333CAE331}.Debug|Any CPU.Build.0 = Debug|Any CPU
		{D22156E6-7971-4BE5-BC0E-66D333CAE331}.Release|Any CPU.ActiveCfg = Release|Any CPU
		{D22156E6-7971-4BE5-BC0E-66D333CAE331}.Release|Any CPU.Build.0 = Release|Any CPU
	EndGlobalSection
	GlobalSection(SolutionProperties) = preSolution
		HideSolutionNode = FALSE
	EndGlobalSection
	GlobalSection(ExtensibilityGlobals) = postSolution
		SolutionGuid = {3FE3F520-4D56-4495-AD8F-8F4E0B89B079}
	EndGlobalSection
EndGlobal
